// !$*UTF8*$!
{
	archiveVersion = 1;
	classes = {
	};
	objectVersion = 50;
	objects = {

/* Begin PBXBuildFile section */
		22C956E1EE8D93F09A953BA5 /* Pods_TestOrientation.framework in Frameworks */ = {isa = PBXBuildFile; fileRef = E2C04B187847D9F62A949236 /* Pods_TestOrientation.framework */; };
		A920306823A6462300C0E8A0 /* AppDelegate.swift in Sources */ = {isa = PBXBuildFile; fileRef = A920306723A6462300C0E8A0 /* AppDelegate.swift */; };
		A920306A23A6462300C0E8A0 /* SceneDelegate.swift in Sources */ = {isa = PBXBuildFile; fileRef = A920306923A6462300C0E8A0 /* SceneDelegate.swift */; };
		A920306C23A6462300C0E8A0 /* ViewController.swift in Sources */ = {isa = PBXBuildFile; fileRef = A920306B23A6462300C0E8A0 /* ViewController.swift */; };
		A920306F23A6462300C0E8A0 /* Main.storyboard in Resources */ = {isa = PBXBuildFile; fileRef = A920306D23A6462300C0E8A0 /* Main.storyboard */; };
		A920307123A6462600C0E8A0 /* Assets.xcassets in Resources */ = {isa = PBXBuildFile; fileRef = A920307023A6462600C0E8A0 /* Assets.xcassets */; };
		A920307423A6462600C0E8A0 /* LaunchScreen.storyboard in Resources */ = {isa = PBXBuildFile; fileRef = A920307223A6462600C0E8A0 /* LaunchScreen.storyboard */; };
/* End PBXBuildFile section */

/* Begin PBXFileReference section */
		A920306423A6462300C0E8A0 /* TestOrientation.app */ = {isa = PBXFileReference; explicitFileType = wrapper.application; includeInIndex = 0; path = TestOrientation.app; sourceTree = BUILT_PRODUCTS_DIR; };
		A920306723A6462300C0E8A0 /* AppDelegate.swift */ = {isa = PBXFileReference; lastKnownFileType = sourcecode.swift; path = AppDelegate.swift; sourceTree = "<group>"; };
		A920306923A6462300C0E8A0 /* SceneDelegate.swift */ = {isa = PBXFileReference; lastKnownFileType = sourcecode.swift; path = SceneDelegate.swift; sourceTree = "<group>"; };
		A920306B23A6462300C0E8A0 /* ViewController.swift */ = {isa = PBXFileReference; lastKnownFileType = sourcecode.swift; path = ViewController.swift; sourceTree = "<group>"; };
		A920306E23A6462300C0E8A0 /* Base */ = {isa = PBXFileReference; lastKnownFileType = file.storyboard; name = Base; path = Base.lproj/Main.storyboard; sourceTree = "<group>"; };
		A920307023A6462600C0E8A0 /* Assets.xcassets */ = {isa = PBXFileReference; lastKnownFileType = folder.assetcatalog; path = Assets.xcassets; sourceTree = "<group>"; };
		A920307323A6462600C0E8A0 /* Base */ = {isa = PBXFileReference; lastKnownFileType = file.storyboard; name = Base; path = Base.lproj/LaunchScreen.storyboard; sourceTree = "<group>"; };
		A920307523A6462600C0E8A0 /* Info.plist */ = {isa = PBXFileReference; lastKnownFileType = text.plist.xml; path = Info.plist; sourceTree = "<group>"; };
		DC2168AEF5291DBCFA704EFC /* Pods-TestOrientation.debug.xcconfig */ = {isa = PBXFileReference; includeInIndex = 1; lastKnownFileType = text.xcconfig; name = "Pods-TestOrientation.debug.xcconfig"; path = "Target Support Files/Pods-TestOrientation/Pods-TestOrientation.debug.xcconfig"; sourceTree = "<group>"; };
		E2C04B187847D9F62A949236 /* Pods_TestOrientation.framework */ = {isa = PBXFileReference; explicitFileType = wrapper.framework; includeInIndex = 0; path = Pods_TestOrientation.framework; sourceTree = BUILT_PRODUCTS_DIR; };
		EB2736521E752604CD08ECCF /* Pods-TestOrientation.release.xcconfig */ = {isa = PBXFileReference; includeInIndex = 1; lastKnownFileType = text.xcconfig; name = "Pods-TestOrientation.release.xcconfig"; path = "Target Support Files/Pods-TestOrientation/Pods-TestOrientation.release.xcconfig"; sourceTree = "<group>"; };
/* End PBXFileReference section */

/* Begin PBXFrameworksBuildPhase section */
		A920306123A6462300C0E8A0 /* Frameworks */ = {
			isa = PBXFrameworksBuildPhase;
			buildActionMask = 2147483647;
			files = (
				22C956E1EE8D93F09A953BA5 /* Pods_TestOrientation.framework in Frameworks */,
			);
			runOnlyForDeploymentPostprocessing = 0;
		};
/* End PBXFrameworksBuildPhase section */

/* Begin PBXGroup section */
		3026E5067B42B57A9961A312 /* Pods */ = {
			isa = PBXGroup;
			children = (
				DC2168AEF5291DBCFA704EFC /* Pods-TestOrientation.debug.xcconfig */,
				EB2736521E752604CD08ECCF /* Pods-TestOrientation.release.xcconfig */,
			);
			name = Pods;
			path = Pods;
			sourceTree = "<group>";
		};
		A6B2F6AA9601677CE3A40CCF /* Frameworks */ = {
			isa = PBXGroup;
			children = (
				E2C04B187847D9F62A949236 /* Pods_TestOrientation.framework */,
			);
			name = Frameworks;
			sourceTree = "<group>";
		};
		A920305B23A6462300C0E8A0 = {
			isa = PBXGroup;
			children = (
				A920306623A6462300C0E8A0 /* TestOrientation */,
				A920306523A6462300C0E8A0 /* Products */,
				3026E5067B42B57A9961A312 /* Pods */,
				A6B2F6AA9601677CE3A40CCF /* Frameworks */,
			);
			sourceTree = "<group>";
		};
		A920306523A6462300C0E8A0 /* Products */ = {
			isa = PBXGroup;
			children = (
				A920306423A6462300C0E8A0 /* TestOrientation.app */,
			);
			name = Products;
			sourceTree = "<group>";
		};
		A920306623A6462300C0E8A0 /* TestOrientation */ = {
			isa = PBXGroup;
			children = (
				A920306723A6462300C0E8A0 /* AppDelegate.swift */,
				A920306923A6462300C0E8A0 /* SceneDelegate.swift */,
				A920306B23A6462300C0E8A0 /* ViewController.swift */,
				A920306D23A6462300C0E8A0 /* Main.storyboard */,
				A920307023A6462600C0E8A0 /* Assets.xcassets */,
				A920307223A6462600C0E8A0 /* LaunchScreen.storyboard */,
				A920307523A6462600C0E8A0 /* Info.plist */,
			);
			path = TestOrientation;
			sourceTree = "<group>";
		};
/* End PBXGroup section */

/* Begin PBXNativeTarget section */
		A920306323A6462300C0E8A0 /* TestOrientation */ = {
			isa = PBXNativeTarget;
			buildConfigurationList = A920307823A6462600C0E8A0 /* Build configuration list for PBXNativeTarget "TestOrientation" */;
			buildPhases = (
				5BF1BDDEA85A2926FAF0D2F9 /* [CP] Check Pods Manifest.lock */,
				A920306023A6462300C0E8A0 /* Sources */,
				A920306123A6462300C0E8A0 /* Frameworks */,
				A920306223A6462300C0E8A0 /* Resources */,
				3FF1A94DB1C625C459E1A852 /* [CP] Embed Pods Frameworks */,
			);
			buildRules = (
			);
			dependencies = (
			);
			name = TestOrientation;
			productName = TestOrientation;
			productReference = A920306423A6462300C0E8A0 /* TestOrientation.app */;
			productType = "com.apple.product-type.application";
		};
/* End PBXNativeTarget section */

/* Begin PBXProject section */
		A920305C23A6462300C0E8A0 /* Project object */ = {
			isa = PBXProject;
			attributes = {
				LastSwiftUpdateCheck = 1130;
				LastUpgradeCheck = 1130;
				ORGANIZATIONNAME = One4;
				TargetAttributes = {
					A920306323A6462300C0E8A0 = {
						CreatedOnToolsVersion = 11.3;
					};
				};
			};
			buildConfigurationList = A920305F23A6462300C0E8A0 /* Build configuration list for PBXProject "TestOrientation" */;
			compatibilityVersion = "Xcode 9.3";
			developmentRegion = en;
			hasScannedForEncodings = 0;
			knownRegions = (
				en,
				Base,
			);
			mainGroup = A920305B23A6462300C0E8A0;
			productRefGroup = A920306523A6462300C0E8A0 /* Products */;
			projectDirPath = "";
			projectRoot = "";
			targets = (
				A920306323A6462300C0E8A0 /* TestOrientation */,
			);
		};
/* End PBXProject section */

/* Begin PBXResourcesBuildPhase section */
		A920306223A6462300C0E8A0 /* Resources */ = {
			isa = PBXResourcesBuildPhase;
			buildActionMask = 2147483647;
			files = (
				A920307423A6462600C0E8A0 /* LaunchScreen.storyboard in Resources */,
				A920307123A6462600C0E8A0 /* Assets.xcassets in Resources */,
				A920306F23A6462300C0E8A0 /* Main.storyboard in Resources */,
			);
			runOnlyForDeploymentPostprocessing = 0;
		};
/* End PBXResourcesBuildPhase section */

/* Begin PBXShellScriptBuildPhase section */
		3FF1A94DB1C625C459E1A852 /* [CP] Embed Pods Frameworks */ = {
			isa = PBXShellScriptBuildPhase;
			buildActionMask = 2147483647;
			files = (
			);
			inputFileListPaths = (
				"${PODS_ROOT}/Target Support Files/Pods-TestOrientation/Pods-TestOrientation-frameworks-${CONFIGURATION}-input-files.xcfilelist",
			);
			name = "[CP] Embed Pods Frameworks";
			outputFileListPaths = (
				"${PODS_ROOT}/Target Support Files/Pods-TestOrientation/Pods-TestOrientation-frameworks-${CONFIGURATION}-output-files.xcfilelist",
			);
			runOnlyForDeploymentPostprocessing = 0;
			shellPath = /bin/sh;
			shellScript = "\"${PODS_ROOT}/Target Support Files/Pods-TestOrientation/Pods-TestOrientation-frameworks.sh\"\n";
			showEnvVarsInLog = 0;
		};
		5BF1BDDEA85A2926FAF0D2F9 /* [CP] Check Pods Manifest.lock */ = {
			isa = PBXShellScriptBuildPhase;
			buildActionMask = 2147483647;
			files = (
			);
			inputFileListPaths = (
			);
			inputPaths = (
				"${PODS_PODFILE_DIR_PATH}/Podfile.lock",
				"${PODS_ROOT}/Manifest.lock",
			);
			name = "[CP] Check Pods Manifest.lock";
			outputFileListPaths = (
			);
			outputPaths = (
				"$(DERIVED_FILE_DIR)/Pods-TestOrientation-checkManifestLockResult.txt",
			);
			runOnlyForDeploymentPostprocessing = 0;
			shellPath = /bin/sh;
			shellScript = "diff \"${PODS_PODFILE_DIR_PATH}/Podfile.lock\" \"${PODS_ROOT}/Manifest.lock\" > /dev/null\nif [ $? != 0 ] ; then\n    # print error to STDERR\n    echo \"error: The sandbox is not in sync with the Podfile.lock. Run 'pod install' or update your CocoaPods installation.\" >&2\n    exit 1\nfi\n# This output is used by Xcode 'outputs' to avoid re-running this script phase.\necho \"SUCCESS\" > \"${SCRIPT_OUTPUT_FILE_0}\"\n";
			showEnvVarsInLog = 0;
		};
/* End PBXShellScriptBuildPhase section */

/* Begin PBXSourcesBuildPhase section */
		A920306023A6462300C0E8A0 /* Sources */ = {
			isa = PBXSourcesBuildPhase;
			buildActionMask = 2147483647;
			files = (
				A920306C23A6462300C0E8A0 /* ViewController.swift in Sources */,
				A920306823A6462300C0E8A0 /* AppDelegate.swift in Sources */,
				A920306A23A6462300C0E8A0 /* SceneDelegate.swift in Sources */,
			);
			runOnlyForDeploymentPostprocessing = 0;
		};
/* End PBXSourcesBuildPhase section */

/* Begin PBXVariantGroup section */
		A920306D23A6462300C0E8A0 /* Main.storyboard */ = {
			isa = PBXVariantGroup;
			children = (
				A920306E23A6462300C0E8A0 /* Base */,
			);
			name = Main.storyboard;
			sourceTree = "<group>";
		};
		A920307223A6462600C0E8A0 /* LaunchScreen.storyboard */ = {
			isa = PBXVariantGroup;
			children = (
				A920307323A6462600C0E8A0 /* Base */,
			);
			name = LaunchScreen.storyboard;
			sourceTree = "<group>";
		};
/* End PBXVariantGroup section */

/* Begin XCBuildConfiguration section */
		A920307623A6462600C0E8A0 /* Debug */ = {
			isa = XCBuildConfiguration;
			buildSettings = {
				ALWAYS_SEARCH_USER_PATHS = NO;
				CLANG_ANALYZER_NONNULL = YES;
				CLANG_ANALYZER_NUMBER_OBJECT_CONVERSION = YES_AGGRESSIVE;
				CLANG_CXX_LANGUAGE_STANDARD = "gnu++14";
				CLANG_CXX_LIBRARY = "libc++";
				CLANG_ENABLE_MODULES = YES;
				CLANG_ENABLE_OBJC_ARC = YES;
				CLANG_ENABLE_OBJC_WEAK = YES;
				CLANG_WARN_BLOCK_CAPTURE_AUTORELEASING = YES;
				CLANG_WARN_BOOL_CONVERSION = YES;
				CLANG_WARN_COMMA = YES;
				CLANG_WARN_CONSTANT_CONVERSION = YES;
				CLANG_WARN_DEPRECATED_OBJC_IMPLEMENTATIONS = YES;
				CLANG_WARN_DIRECT_OBJC_ISA_USAGE = YES_ERROR;
				CLANG_WARN_DOCUMENTATION_COMMENTS = YES;
				CLANG_WARN_EMPTY_BODY = YES;
				CLANG_WARN_ENUM_CONVERSION = YES;
				CLANG_WARN_INFINITE_RECURSION = YES;
				CLANG_WARN_INT_CONVERSION = YES;
				CLANG_WARN_NON_LITERAL_NULL_CONVERSION = YES;
				CLANG_WARN_OBJC_IMPLICIT_RETAIN_SELF = YES;
				CLANG_WARN_OBJC_LITERAL_CONVERSION = YES;
				CLANG_WARN_OBJC_ROOT_CLASS = YES_ERROR;
				CLANG_WARN_RANGE_LOOP_ANALYSIS = YES;
				CLANG_WARN_STRICT_PROTOTYPES = YES;
				CLANG_WARN_SUSPICIOUS_MOVE = YES;
				CLANG_WARN_UNGUARDED_AVAILABILITY = YES_AGGRESSIVE;
				CLANG_WARN_UNREACHABLE_CODE = YES;
				CLANG_WARN__DUPLICATE_METHOD_MATCH = YES;
				COPY_PHASE_STRIP = NO;
				DEBUG_INFORMATION_FORMAT = dwarf;
				ENABLE_STRICT_OBJC_MSGSEND = YES;
				ENABLE_TESTABILITY = YES;
				GCC_C_LANGUAGE_STANDARD = gnu11;
				GCC_DYNAMIC_NO_PIC = NO;
				GCC_NO_COMMON_BLOCKS = YES;
				GCC_OPTIMIZATION_LEVEL = 0;
				GCC_PREPROCESSOR_DEFINITIONS = (
					"DEBUG=1",
					"$(inherited)",
				);
				GCC_WARN_64_TO_32_BIT_CONVERSION = YES;
				GCC_WARN_ABOUT_RETURN_TYPE = YES_ERROR;
				GCC_WARN_UNDECLARED_SELECTOR = YES;
				GCC_WARN_UNINITIALIZED_AUTOS = YES_AGGRESSIVE;
				GCC_WARN_UNUSED_FUNCTION = YES;
				GCC_WARN_UNUSED_VARIABLE = YES;
				IPHONEOS_DEPLOYMENT_TARGET = 13.2;
				MTL_ENABLE_DEBUG_INFO = INCLUDE_SOURCE;
				MTL_FAST_MATH = YES;
				ONLY_ACTIVE_ARCH = YES;
				SDKROOT = iphoneos;
				SWIFT_ACTIVE_COMPILATION_CONDITIONS = DEBUG;
				SWIFT_OPTIMIZATION_LEVEL = "-Onone";
			};
			name = Debug;
		};
		A920307723A6462600C0E8A0 /* Release */ = {
			isa = XCBuildConfiguration;
			buildSettings = {
				ALWAYS_SEARCH_USER_PATHS = NO;
				CLANG_ANALYZER_NONNULL = YES;
				CLANG_ANALYZER_NUMBER_OBJECT_CONVERSION = YES_AGGRESSIVE;
				CLANG_CXX_LANGUAGE_STANDARD = "gnu++14";
				CLANG_CXX_LIBRARY = "libc++";
				CLANG_ENABLE_MODULES = YES;
				CLANG_ENABLE_OBJC_ARC = YES;
				CLANG_ENABLE_OBJC_WEAK = YES;
				CLANG_WARN_BLOCK_CAPTURE_AUTORELEASING = YES;
				CLANG_WARN_BOOL_CONVERSION = YES;
				CLANG_WARN_COMMA = YES;
				CLANG_WARN_CONSTANT_CONVERSION = YES;
				CLANG_WARN_DEPRECATED_OBJC_IMPLEMENTATIONS = YES;
				CLANG_WARN_DIRECT_OBJC_ISA_USAGE = YES_ERROR;
				CLANG_WARN_DOCUMENTATION_COMMENTS = YES;
				CLANG_WARN_EMPTY_BODY = YES;
				CLANG_WARN_ENUM_CONVERSION = YES;
				CLANG_WARN_INFINITE_RECURSION = YES;
				CLANG_WARN_INT_CONVERSION = YES;
				CLANG_WARN_NON_LITERAL_NULL_CONVERSION = YES;
				CLANG_WARN_OBJC_IMPLICIT_RETAIN_SELF = YES;
				CLANG_WARN_OBJC_LITERAL_CONVERSION = YES;
				CLANG_WARN_OBJC_ROOT_CLASS = YES_ERROR;
				CLANG_WARN_RANGE_LOOP_ANALYSIS = YES;
				CLANG_WARN_STRICT_PROTOTYPES = YES;
				CLANG_WARN_SUSPICIOUS_MOVE = YES;
				CLANG_WARN_UNGUARDED_AVAILABILITY = YES_AGGRESSIVE;
				CLANG_WARN_UNREACHABLE_CODE = YES;
				CLANG_WARN__DUPLICATE_METHOD_MATCH = YES;
				COPY_PHASE_STRIP = NO;
				DEBUG_INFORMATION_FORMAT = "dwarf-with-dsym";
				ENABLE_NS_ASSERTIONS = NO;
				ENABLE_STRICT_OBJC_MSGSEND = YES;
				GCC_C_LANGUAGE_STANDARD = gnu11;
				GCC_NO_COMMON_BLOCKS = YES;
				GCC_WARN_64_TO_32_BIT_CONVERSION = YES;
				GCC_WARN_ABOUT_RETURN_TYPE = YES_ERROR;
				GCC_WARN_UNDECLARED_SELECTOR = YES;
				GCC_WARN_UNINITIALIZED_AUTOS = YES_AGGRESSIVE;
				GCC_WARN_UNUSED_FUNCTION = YES;
				GCC_WARN_UNUSED_VARIABLE = YES;
				IPHONEOS_DEPLOYMENT_TARGET = 13.2;
				MTL_ENABLE_DEBUG_INFO = NO;
				MTL_FAST_MATH = YES;
				SDKROOT = iphoneos;
				SWIFT_COMPILATION_MODE = wholemodule;
				SWIFT_OPTIMIZATION_LEVEL = "-O";
				VALIDATE_PRODUCT = YES;
			};
			name = Release;
		};
		A920307923A6462600C0E8A0 /* Debug */ = {
			isa = XCBuildConfiguration;
			baseConfigurationReference = DC2168AEF5291DBCFA704EFC /* Pods-TestOrientation.debug.xcconfig */;
			buildSettings = {
				ASSETCATALOG_COMPILER_APPICON_NAME = AppIcon;
				CODE_SIGN_STYLE = Automatic;
				DEVELOPMENT_TEAM = G87GRAWC5S;
				INFOPLIST_FILE = TestOrientation/Info.plist;
				LD_RUNPATH_SEARCH_PATHS = (
					"$(inherited)",
					"@executable_path/Frameworks",
				);
				PRODUCT_BUNDLE_IDENTIFIER = "marco.pagliari-one4.it.TestOrientation";
				PRODUCT_NAME = "$(TARGET_NAME)";
				SWIFT_VERSION = 5.0;
				TARGETED_DEVICE_FAMILY = "1,2";
			};
			name = Debug;
		};
		A920307A23A6462600C0E8A0 /* Release */ = {
			isa = XCBuildConfiguration;
			baseConfigurationReference = EB2736521E752604CD08ECCF /* Pods-TestOrientation.release.xcconfig */;
			buildSettings = {
				ASSETCATALOG_COMPILER_APPICON_NAME = AppIcon;
				CODE_SIGN_STYLE = Automatic;
				DEVELOPMENT_TEAM = G87GRAWC5S;
				INFOPLIST_FILE = TestOrientation/Info.plist;
				LD_RUNPATH_SEARCH_PATHS = (
					"$(inherited)",
					"@executable_path/Frameworks",
				);
				PRODUCT_BUNDLE_IDENTIFIER = "marco.pagliari-one4.it.TestOrientation";
				PRODUCT_NAME = "$(TARGET_NAME)";
				SWIFT_VERSION = 5.0;
				TARGETED_DEVICE_FAMILY = "1,2";
			};
			name = Release;
		};
/* End XCBuildConfiguration section */

/* Begin XCConfigurationList section */
		A920305F23A6462300C0E8A0 /* Build configuration list for PBXProject "TestOrientation" */ = {
			isa = XCConfigurationList;
			buildConfigurations = (
				A920307623A6462600C0E8A0 /* Debug */,
				A920307723A6462600C0E8A0 /* Release */,
			);
			defaultConfigurationIsVisible = 0;
			defaultConfigurationName = Release;
		};
		A920307823A6462600C0E8A0 /* Build configuration list for PBXNativeTarget "TestOrientation" */ = {
			isa = XCConfigurationList;
			buildConfigurations = (
				A920307923A6462600C0E8A0 /* Debug */,
				A920307A23A6462600C0E8A0 /* Release */,
			);
			defaultConfigurationIsVisible = 0;
			defaultConfigurationName = Release;
		};
/* End XCConfigurationList section */
	};
	rootObject = A920305C23A6462300C0E8A0 /* Project object */;
}
